{
  "name": "tea",
  "lockfileVersion": 3,
  "requires": true,
  "packages": {
    "": {
      "dependencies": {
        "chx8223tea": "^1.0.0"
      }
    },
    "node_modules/chx8223tea": {
      "version": "1.0.0",
      "resolved": "https://registry.npmmirror.com/chx8223tea/-/chx8223tea-1.0.0.tgz",
      "integrity": "sha512-WRbwdJsuXsxxlI8Zc0kKf2tT7RExD3xs9lVpmUArwzLonBttdIE4Sy7uiAflOYTbE07MTB+SIvsrS2GacfTm9A=="
    }
  }
}
